
Microsoft Visual Studio Solution File, Format Version 12.00
# Visual Studio Version 16
VisualStudioVersion = 16.0.31624.102
MinimumVisualStudioVersion = 10.0.40219.1
Project("{FAE04EC0-301F-11D3-BF4B-00C04F79EFBC}") = "ejercicio_1", "ejercicio_1.csproj", "{FEBC304F-BFF5-4FA8-AC12-EB79A6145B83}"
EndProject
Project("{FAE04EC0-301F-11D3-BF4B-00C04F79EFBC}") = "ejercicio_2", "..\ejercicio_2\ejercicio_2.csproj", "{6CD4DF0B-380D-43C9-8BC0-4EDAE754FC9A}"
EndProject
Global
	GlobalSection(SolutionConfigurationPlatforms) = preSolution
		Debug|Any CPU = Debug|Any CPU
		Release|Any CPU = Release|Any CPU
	EndGlobalSection
	GlobalSection(ProjectConfigurationPlatforms) = postSolution
		{FEBC304F-BFF5-4FA8-AC12-EB79A6145B83}.Debug|Any CPU.ActiveCfg = Debug|Any CPU
		{FEBC304F-BFF5-4FA8-AC12-EB79A6145B83}.Debug|Any CPU.Build.0 = Debug|Any CPU
		{FEBC304F-BFF5-4FA8-AC12-EB79A6145B83}.Release|Any CPU.ActiveCfg = Release|Any CPU
		{FEBC304F-BFF5-4FA8-AC12-EB79A6145B83}.Release|Any CPU.Build.0 = Release|Any CPU
		{6CD4DF0B-380D-43C9-8BC0-4EDAE754FC9A}.Debug|Any CPU.ActiveCfg = Debug|Any CPU
		{6CD4DF0B-380D-43C9-8BC0-4EDAE754FC9A}.Debug|Any CPU.Build.0 = Debug|Any CPU
		{6CD4DF0B-380D-43C9-8BC0-4EDAE754FC9A}.Release|Any CPU.ActiveCfg = Release|Any CPU
		{6CD4DF0B-380D-43C9-8BC0-4EDAE754FC9A}.Release|Any CPU.Build.0 = Release|Any CPU
	EndGlobalSection
	GlobalSection(SolutionProperties) = preSolution
		HideSolutionNode = FALSE
	EndGlobalSection
	GlobalSection(ExtensibilityGlobals) = postSolution
		SolutionGuid = {C13F94D1-7366-4708-8CA0-4FC0A05D28CF}
	EndGlobalSection
EndGlobal
